
Microsoft Visual Studio Solution File, Format Version 12.00
# Visual Studio Version 17
VisualStudioVersion = 17.14.37111.16 d17.14
MinimumVisualStudioVersion = 10.0.40219.1
Project("{8BC9CEB8-8B4A-11D0-8D11-00A0C91BC942}") = "AAAAAAAAAAAAAAAAA", "AAAAAAAAAAAAAAAAA\AAAAAAAAAAAAAAAAA.vcxproj", "{88BE393F-9CB1-47FF-B460-81E2829079E2}"
EndProject
Global
	GlobalSection(SolutionConfigurationPlatforms) = preSolution
		Debug|x64 = Debug|x64
		Debug|x86 = Debug|x86
		Release|x64 = Release|x64
		Release|x86 = Release|x86
	EndGlobalSection
	GlobalSection(ProjectConfigurationPlatforms) = postSolution
		{88BE393F-9CB1-47FF-B460-81E2829079E2}.Debug|x64.ActiveCfg = Debug|x64
		{88BE393F-9CB1-47FF-B460-81E2829079E2}.Debug|x64.Build.0 = Debug|x64
		{88BE393F-9CB1-47FF-B460-81E2829079E2}.Debug|x86.ActiveCfg = Debug|Win32
		{88BE393F-9CB1-47FF-B460-81E2829079E2}.Debug|x86.Build.0 = Debug|Win32
		{88BE393F-9CB1-47FF-B460-81E2829079E2}.Release|x64.ActiveCfg = Release|x64
		{88BE393F-9CB1-47FF-B460-81E2829079E2}.Release|x64.Build.0 = Release|x64
		{88BE393F-9CB1-47FF-B460-81E2829079E2}.Release|x86.ActiveCfg = Release|Win32
		{88BE393F-9CB1-47FF-B460-81E2829079E2}.Release|x86.Build.0 = Release|Win32
	EndGlobalSection
	GlobalSection(SolutionProperties) = preSolution
		HideSolutionNode = FALSE
	EndGlobalSection
	GlobalSection(ExtensibilityGlobals) = postSolution
		SolutionGuid = {7680E6D4-81B7-4EAB-B6C6-9D1F9ACDF069}
	EndGlobalSection
EndGlobal
